// !$*UTF8*$!
{
	archiveVersion = 1;
	classes = {
	};
	objectVersion = 46;
	objects = {

/* Begin PBXBuildFile section */
		65768CD21CD4C9D20000B389 /* AppDelegate.swift in Sources */ = {isa = PBXBuildFile; fileRef = 65768CD11CD4C9D20000B389 /* AppDelegate.swift */; };
		65768CD41CD4C9D20000B389 /* ViewController.swift in Sources */ = {isa = PBXBuildFile; fileRef = 65768CD31CD4C9D20000B389 /* ViewController.swift */; };
		65768CD71CD4C9D20000B389 /* Main.storyboard in Resources */ = {isa = PBXBuildFile; fileRef = 65768CD51CD4C9D20000B389 /* Main.storyboard */; };
		65768CD91CD4C9D20000B389 /* Assets.xcassets in Resources */ = {isa = PBXBuildFile; fileRef = 65768CD81CD4C9D20000B389 /* Assets.xcassets */; };
		65768CDC1CD4C9D20000B389 /* LaunchScreen.storyboard in Resources */ = {isa = PBXBuildFile; fileRef = 65768CDA1CD4C9D20000B389 /* LaunchScreen.storyboard */; };
		65768CE41CD4CA190000B389 /* ASDateFormatter.swift in Sources */ = {isa = PBXBuildFile; fileRef = 65768CE31CD4CA190000B389 /* ASDateFormatter.swift */; };
/* End PBXBuildFile section */

/* Begin PBXFileReference section */
		65768CCE1CD4C9D20000B389 /* DateFormatter.app */ = {isa = PBXFileReference; explicitFileType = wrapper.application; includeInIndex = 0; path = DateFormatter.app; sourceTree = BUILT_PRODUCTS_DIR; };
		65768CD11CD4C9D20000B389 /* AppDelegate.swift */ = {isa = PBXFileReference; lastKnownFileType = sourcecode.swift; path = AppDelegate.swift; sourceTree = "<group>"; };
		65768CD31CD4C9D20000B389 /* ViewController.swift */ = {isa = PBXFileReference; lastKnownFileType = sourcecode.swift; path = ViewController.swift; sourceTree = "<group>"; };
		65768CD61CD4C9D20000B389 /* Base */ = {isa = PBXFileReference; lastKnownFileType = file.storyboard; name = Base; path = Base.lproj/Main.storyboard; sourceTree = "<group>"; };
		65768CD81CD4C9D20000B389 /* Assets.xcassets */ = {isa = PBXFileReference; lastKnownFileType = folder.assetcatalog; path = Assets.xcassets; sourceTree = "<group>"; };
		65768CDB1CD4C9D20000B389 /* Base */ = {isa = PBXFileReference; lastKnownFileType = file.storyboard; name = Base; path = Base.lproj/LaunchScreen.storyboard; sourceTree = "<group>"; };
		65768CDD1CD4C9D20000B389 /* Info.plist */ = {isa = PBXFileReference; lastKnownFileType = text.plist.xml; path = Info.plist; sourceTree = "<group>"; };
		65768CE31CD4CA190000B389 /* ASDateFormatter.swift */ = {isa = PBXFileReference; fileEncoding = 4; lastKnownFileType = sourcecode.swift; path = ASDateFormatter.swift; sourceTree = "<group>"; };
/* End PBXFileReference section */

/* Begin PBXFrameworksBuildPhase section */
		65768CCB1CD4C9D20000B389 /* Frameworks */ = {
			isa = PBXFrameworksBuildPhase;
			buildActionMask = 2147483647;
			files = (
			);
			runOnlyForDeploymentPostprocessing = 0;
		};
/* End PBXFrameworksBuildPhase section */

/* Begin PBXGroup section */
		65768CC51CD4C9D20000B389 = {
			isa = PBXGroup;
			children = (
				65768CD01CD4C9D20000B389 /* DateFormatter */,
				65768CCF1CD4C9D20000B389 /* Products */,
			);
			sourceTree = "<group>";
		};
		65768CCF1CD4C9D20000B389 /* Products */ = {
			isa = PBXGroup;
			children = (
				65768CCE1CD4C9D20000B389 /* DateFormatter.app */,
			);
			name = Products;
			sourceTree = "<group>";
		};
		65768CD01CD4C9D20000B389 /* DateFormatter */ = {
			isa = PBXGroup;
			children = (
				65768CE31CD4CA190000B389 /* ASDateFormatter.swift */,
				65768CD11CD4C9D20000B389 /* AppDelegate.swift */,
				65768CD31CD4C9D20000B389 /* ViewController.swift */,
				65768CD51CD4C9D20000B389 /* Main.storyboard */,
				65768CD81CD4C9D20000B389 /* Assets.xcassets */,
				65768CDA1CD4C9D20000B389 /* LaunchScreen.storyboard */,
				65768CDD1CD4C9D20000B389 /* Info.plist */,
			);
			path = DateFormatter;
			sourceTree = "<group>";
		};
/* End PBXGroup section */

/* Begin PBXNativeTarget section */
		65768CCD1CD4C9D20000B389 /* DateFormatter */ = {
			isa = PBXNativeTarget;
			buildConfigurationList = 65768CE01CD4C9D20000B389 /* Build configuration list for PBXNativeTarget "DateFormatter" */;
			buildPhases = (
				65768CCA1CD4C9D20000B389 /* Sources */,
				65768CCB1CD4C9D20000B389 /* Frameworks */,
				65768CCC1CD4C9D20000B389 /* Resources */,
			);
			buildRules = (
			);
			dependencies = (
			);
			name = DateFormatter;
			productName = DateFormatter;
			productReference = 65768CCE1CD4C9D20000B389 /* DateFormatter.app */;
			productType = "com.apple.product-type.application";
		};
/* End PBXNativeTarget section */

/* Begin PBXProject section */
		65768CC61CD4C9D20000B389 /* Project object */ = {
			isa = PBXProject;
			attributes = {
				LastSwiftUpdateCheck = 0730;
				LastUpgradeCheck = 0730;
				ORGANIZATIONNAME = "Ashwani Sharma";
				TargetAttributes = {
					65768CCD1CD4C9D20000B389 = {
						CreatedOnToolsVersion = 7.3;
					};
				};
			};
			buildConfigurationList = 65768CC91CD4C9D20000B389 /* Build configuration list for PBXProject "DateFormatter" */;
			compatibilityVersion = "Xcode 3.2";
			developmentRegion = English;
			hasScannedForEncodings = 0;
			knownRegions = (
				en,
				Base,
			);
			mainGroup = 65768CC51CD4C9D20000B389;
			productRefGroup = 65768CCF1CD4C9D20000B389 /* Products */;
			projectDirPath = "";
			projectRoot = "";
			targets = (
				65768CCD1CD4C9D20000B389 /* DateFormatter */,
			);
		};
/* End PBXProject section */

/* Begin PBXResourcesBuildPhase section */
		65768CCC1CD4C9D20000B389 /* Resources */ = {
			isa = PBXResourcesBuildPhase;
			buildActionMask = 2147483647;
			files = (
				65768CDC1CD4C9D20000B389 /* LaunchScreen.storyboard in Resources */,
				65768CD91CD4C9D20000B389 /* Assets.xcassets in Resources */,
				65768CD71CD4C9D20000B389 /* Main.storyboard in Resources */,
			);
			runOnlyForDeploymentPostprocessing = 0;
		};
/* End PBXResourcesBuildPhase section */

/* Begin PBXSourcesBuildPhase section */
		65768CCA1CD4C9D20000B389 /* Sources */ = {
			isa = PBXSourcesBuildPhase;
			buildActionMask = 2147483647;
			files = (
				65768CE41CD4CA190000B389 /* ASDateFormatter.swift in Sources */,
				65768CD41CD4C9D20000B389 /* ViewController.swift in Sources */,
				65768CD21CD4C9D20000B389 /* AppDelegate.swift in Sources */,
			);
			runOnlyForDeploymentPostprocessing = 0;
		};
/* End PBXSourcesBuildPhase section */

/* Begin PBXVariantGroup section */
		65768CD51CD4C9D20000B389 /* Main.storyboard */ = {
			isa = PBXVariantGroup;
			children = (
				65768CD61CD4C9D20000B389 /* Base */,
			);
			name = Main.storyboard;
			sourceTree = "<group>";
		};
		65768CDA1CD4C9D20000B389 /* LaunchScreen.storyboard */ = {
			isa = PBXVariantGroup;
			children = (
				65768CDB1CD4C9D20000B389 /* Base */,
			);
			name = LaunchScreen.storyboard;
			sourceTree = "<group>";
		};
/* End PBXVariantGroup section */

/* Begin XCBuildConfiguration section */
		65768CDE1CD4C9D20000B389 /* Debug */ = {
			isa = XCBuildConfiguration;
			buildSettings = {
				ALWAYS_SEARCH_USER_PATHS = NO;
				CLANG_ANALYZER_NONNULL = YES;
				CLANG_CXX_LANGUAGE_STANDARD = "gnu++0x";
				CLANG_CXX_LIBRARY = "libc++";
				CLANG_ENABLE_MODULES = YES;
				CLANG_ENABLE_OBJC_ARC = YES;
				CLANG_WARN_BOOL_CONVERSION = YES;
				CLANG_WARN_CONSTANT_CONVERSION = YES;
				CLANG_WARN_DIRECT_OBJC_ISA_USAGE = YES_ERROR;
				CLANG_WARN_EMPTY_BODY = YES;
				CLANG_WARN_ENUM_CONVERSION = YES;
				CLANG_WARN_INT_CONVERSION = YES;
				CLANG_WARN_OBJC_ROOT_CLASS = YES_ERROR;
				CLANG_WARN_UNREACHABLE_CODE = YES;
				CLANG_WARN__DUPLICATE_METHOD_MATCH = YES;
				"CODE_SIGN_IDENTITY[sdk=iphoneos*]" = "iPhone Developer";
				COPY_PHASE_STRIP = NO;
				DEBUG_INFORMATION_FORMAT = dwarf;
				ENABLE_STRICT_OBJC_MSGSEND = YES;
				ENABLE_TESTABILITY = YES;
				GCC_C_LANGUAGE_STANDARD = gnu99;
				GCC_DYNAMIC_NO_PIC = NO;
				GCC_NO_COMMON_BLOCKS = YES;
				GCC_OPTIMIZATION_LEVEL = 0;
				GCC_PREPROCESSOR_DEFINITIONS = (
					"DEBUG=1",
					"$(inherited)",
				);
				GCC_WARN_64_TO_32_BIT_CONVERSION = YES;
				GCC_WARN_ABOUT_RETURN_TYPE = YES_ERROR;
				GCC_WARN_UNDECLARED_SELECTOR = YES;
				GCC_WARN_UNINITIALIZED_AUTOS = YES_AGGRESSIVE;
				GCC_WARN_UNUSED_FUNCTION = YES;
				GCC_WARN_UNUSED_VARIABLE = YES;
				IPHONEOS_DEPLOYMENT_TARGET = 9.3;
				MTL_ENABLE_DEBUG_INFO = YES;
				ONLY_ACTIVE_ARCH = YES;
				SDKROOT = iphoneos;
				SWIFT_OPTIMIZATION_LEVEL = "-Onone";
			};
			name = Debug;
		};
		65768CDF1CD4C9D20000B389 /* Release */ = {
			isa = XCBuildConfiguration;
			buildSettings = {
				ALWAYS_SEARCH_USER_PATHS = NO;
				CLANG_ANALYZER_NONNULL = YES;
				CLANG_CXX_LANGUAGE_STANDARD = "gnu++0x";
				CLANG_CXX_LIBRARY = "libc++";
				CLANG_ENABLE_MODULES = YES;
				CLANG_ENABLE_OBJC_ARC = YES;
				CLANG_WARN_BOOL_CONVERSION = YES;
				CLANG_WARN_CONSTANT_CONVERSION = YES;
				CLANG_WARN_DIRECT_OBJC_ISA_USAGE = YES_ERROR;
				CLANG_WARN_EMPTY_BODY = YES;
				CLANG_WARN_ENUM_CONVERSION = YES;
				CLANG_WARN_INT_CONVERSION = YES;
				CLANG_WARN_OBJC_ROOT_CLASS = YES_ERROR;
				CLANG_WARN_UNREACHABLE_CODE = YES;
				CLANG_WARN__DUPLICATE_METHOD_MATCH = YES;
				"CODE_SIGN_IDENTITY[sdk=iphoneos*]" = "iPhone Developer";
				COPY_PHASE_STRIP = NO;
				DEBUG_INFORMATION_FORMAT = "dwarf-with-dsym";
				ENABLE_NS_ASSERTIONS = NO;
				ENABLE_STRICT_OBJC_MSGSEND = YES;
				GCC_C_LANGUAGE_STANDARD = gnu99;
				GCC_NO_COMMON_BLOCKS = YES;
				GCC_WARN_64_TO_32_BIT_CONVERSION = YES;
				GCC_WARN_ABOUT_RETURN_TYPE = YES_ERROR;
				GCC_WARN_UNDECLARED_SELECTOR = YES;
				GCC_WARN_UNINITIALIZED_AUTOS = YES_AGGRESSIVE;
				GCC_WARN_UNUSED_FUNCTION = YES;
				GCC_WARN_UNUSED_VARIABLE = YES;
				IPHONEOS_DEPLOYMENT_TARGET = 9.3;
				MTL_ENABLE_DEBUG_INFO = NO;
				SDKROOT = iphoneos;
				VALIDATE_PRODUCT = YES;
			};
			name = Release;
		};
		65768CE11CD4C9D20000B389 /* Debug */ = {
			isa = XCBuildConfiguration;
			buildSettings = {
				ASSETCATALOG_COMPILER_APPICON_NAME = AppIcon;
				INFOPLIST_FILE = DateFormatter/Info.plist;
				LD_RUNPATH_SEARCH_PATHS = "$(inherited) @executable_path/Frameworks";
				PRODUCT_BUNDLE_IDENTIFIER = com.signity.DateFormatter;
				PRODUCT_NAME = "$(TARGET_NAME)";
			};
			name = Debug;
		};
		65768CE21CD4C9D20000B389 /* Release */ = {
			isa = XCBuildConfiguration;
			buildSettings = {
				ASSETCATALOG_COMPILER_APPICON_NAME = AppIcon;
				INFOPLIST_FILE = DateFormatter/Info.plist;
				LD_RUNPATH_SEARCH_PATHS = "$(inherited) @executable_path/Frameworks";
				PRODUCT_BUNDLE_IDENTIFIER = com.signity.DateFormatter;
				PRODUCT_NAME = "$(TARGET_NAME)";
			};
			name = Release;
		};
/* End XCBuildConfiguration section */

/* Begin XCConfigurationList section */
		65768CC91CD4C9D20000B389 /* Build configuration list for PBXProject "DateFormatter" */ = {
			isa = XCConfigurationList;
			buildConfigurations = (
				65768CDE1CD4C9D20000B389 /* Debug */,
				65768CDF1CD4C9D20000B389 /* Release */,
			);
			defaultConfigurationIsVisible = 0;
			defaultConfigurationName = Release;
		};
		65768CE01CD4C9D20000B389 /* Build configuration list for PBXNativeTarget "DateFormatter" */ = {
			isa = XCConfigurationList;
			buildConfigurations = (
				65768CE11CD4C9D20000B389 /* Debug */,
				65768CE21CD4C9D20000B389 /* Release */,
			);
			defaultConfigurationIsVisible = 0;
		};
/* End XCConfigurationList section */
	};
	rootObject = 65768CC61CD4C9D20000B389 /* Project object */;
}
